// !$*UTF8*$!
{
	archiveVersion = 1;
	classes = {
	};
	objectVersion = 56;
	objects = {

/* Begin PBXBuildFile section */
		502384742B1B792C002BE331 /* AppDelegate.swift in Sources */ = {isa = PBXBuildFile; fileRef = 502384732B1B792C002BE331 /* AppDelegate.swift */; };
		502384762B1B792C002BE331 /* SceneDelegate.swift in Sources */ = {isa = PBXBuildFile; fileRef = 502384752B1B792C002BE331 /* SceneDelegate.swift */; };
		5023847B2B1B792C002BE331 /* Main.storyboard in Resources */ = {isa = PBXBuildFile; fileRef = 502384792B1B792C002BE331 /* Main.storyboard */; };
		5023847D2B1B7932002BE331 /* Assets.xcassets in Resources */ = {isa = PBXBuildFile; fileRef = 5023847C2B1B7932002BE331 /* Assets.xcassets */; };
		502384802B1B7932002BE331 /* LaunchScreen.storyboard in Resources */ = {isa = PBXBuildFile; fileRef = 5023847E2B1B7932002BE331 /* LaunchScreen.storyboard */; };
		5023848E2B1F02A8002BE331 /* CIdemoProjectTests.swift in Sources */ = {isa = PBXBuildFile; fileRef = 5023848D2B1F02A8002BE331 /* CIdemoProjectTests.swift */; };
		502384962B1F05CA002BE331 /* LoginVC.swift in Sources */ = {isa = PBXBuildFile; fileRef = 502384952B1F05CA002BE331 /* LoginVC.swift */; };
		502384982B1F05D8002BE331 /* WelcomeVC.swift in Sources */ = {isa = PBXBuildFile; fileRef = 502384972B1F05D8002BE331 /* WelcomeVC.swift */; };
		50684E652B4095C30005E394 /* ExportOptions.plist in Resources */ = {isa = PBXBuildFile; fileRef = 50684E642B4095C30005E394 /* ExportOptions.plist */; };
		50AEC72B2B5EA56D00CE44B7 /* EmployeesViewModel.swift in Sources */ = {isa = PBXBuildFile; fileRef = 50AEC72A2B5EA56D00CE44B7 /* EmployeesViewModel.swift */; };
		50AEC72D2B5EA5BE00CE44B7 /* Employee.swift in Sources */ = {isa = PBXBuildFile; fileRef = 50AEC72C2B5EA5BE00CE44B7 /* Employee.swift */; };
		50AEC7302B5EA7A900CE44B7 /* APIService.swift in Sources */ = {isa = PBXBuildFile; fileRef = 50AEC72F2B5EA7A900CE44B7 /* APIService.swift */; };
		50AEC7382B61020600CE44B7 /* CIdemoProjectUITests.swift in Sources */ = {isa = PBXBuildFile; fileRef = 50AEC7372B61020600CE44B7 /* CIdemoProjectUITests.swift */; };
		50AEC73A2B61020600CE44B7 /* CIdemoProjectUITestsLaunchTests.swift in Sources */ = {isa = PBXBuildFile; fileRef = 50AEC7392B61020600CE44B7 /* CIdemoProjectUITestsLaunchTests.swift */; };
		50AEC7412B61028700CE44B7 /* LoginUnitTest.swift in Sources */ = {isa = PBXBuildFile; fileRef = 50AEC7402B61028700CE44B7 /* LoginUnitTest.swift */; };
		50AEC7432B6102FA00CE44B7 /* LoginViewModel.swift in Sources */ = {isa = PBXBuildFile; fileRef = 50AEC7422B6102FA00CE44B7 /* LoginViewModel.swift */; };
/* End PBXBuildFile section */

/* Begin PBXContainerItemProxy section */
		5023848F2B1F02A8002BE331 /* PBXContainerItemProxy */ = {
			isa = PBXContainerItemProxy;
			containerPortal = 502384682B1B792C002BE331 /* Project object */;
			proxyType = 1;
			remoteGlobalIDString = 5023846F2B1B792C002BE331;
			remoteInfo = CIdemoProject;
		};
		50AEC73B2B61020600CE44B7 /* PBXContainerItemProxy */ = {
			isa = PBXContainerItemProxy;
			containerPortal = 502384682B1B792C002BE331 /* Project object */;
			proxyType = 1;
			remoteGlobalIDString = 5023846F2B1B792C002BE331;
			remoteInfo = CIdemoProject;
		};
/* End PBXContainerItemProxy section */

/* Begin PBXFileReference section */
		502384702B1B792C002BE331 /* CIdemoProject.app */ = {isa = PBXFileReference; explicitFileType = wrapper.application; includeInIndex = 0; path = CIdemoProject.app; sourceTree = BUILT_PRODUCTS_DIR; };
		502384732B1B792C002BE331 /* AppDelegate.swift */ = {isa = PBXFileReference; lastKnownFileType = sourcecode.swift; path = AppDelegate.swift; sourceTree = "<group>"; };
		502384752B1B792C002BE331 /* SceneDelegate.swift */ = {isa = PBXFileReference; lastKnownFileType = sourcecode.swift; path = SceneDelegate.swift; sourceTree = "<group>"; };
		5023847A2B1B792C002BE331 /* Base */ = {isa = PBXFileReference; lastKnownFileType = file.storyboard; name = Base; path = Base.lproj/Main.storyboard; sourceTree = "<group>"; };
		5023847C2B1B7932002BE331 /* Assets.xcassets */ = {isa = PBXFileReference; lastKnownFileType = folder.assetcatalog; path = Assets.xcassets; sourceTree = "<group>"; };
		5023847F2B1B7932002BE331 /* Base */ = {isa = PBXFileReference; lastKnownFileType = file.storyboard; name = Base; path = Base.lproj/LaunchScreen.storyboard; sourceTree = "<group>"; };
		502384812B1B7932002BE331 /* Info.plist */ = {isa = PBXFileReference; lastKnownFileType = text.plist.xml; path = Info.plist; sourceTree = "<group>"; };
		5023848B2B1F02A8002BE331 /* CIdemoProjectTests.xctest */ = {isa = PBXFileReference; explicitFileType = wrapper.cfbundle; includeInIndex = 0; path = CIdemoProjectTests.xctest; sourceTree = BUILT_PRODUCTS_DIR; };
		5023848D2B1F02A8002BE331 /* CIdemoProjectTests.swift */ = {isa = PBXFileReference; lastKnownFileType = sourcecode.swift; path = CIdemoProjectTests.swift; sourceTree = "<group>"; };
		502384952B1F05CA002BE331 /* LoginVC.swift */ = {isa = PBXFileReference; lastKnownFileType = sourcecode.swift; path = LoginVC.swift; sourceTree = "<group>"; };
		502384972B1F05D8002BE331 /* WelcomeVC.swift */ = {isa = PBXFileReference; lastKnownFileType = sourcecode.swift; path = WelcomeVC.swift; sourceTree = "<group>"; };
		50684E642B4095C30005E394 /* ExportOptions.plist */ = {isa = PBXFileReference; lastKnownFileType = text.plist.xml; path = ExportOptions.plist; sourceTree = "<group>"; };
		50AEC72A2B5EA56D00CE44B7 /* EmployeesViewModel.swift */ = {isa = PBXFileReference; lastKnownFileType = sourcecode.swift; path = EmployeesViewModel.swift; sourceTree = "<group>"; };
		50AEC72C2B5EA5BE00CE44B7 /* Employee.swift */ = {isa = PBXFileReference; lastKnownFileType = sourcecode.swift; path = Employee.swift; sourceTree = "<group>"; };
		50AEC72F2B5EA7A900CE44B7 /* APIService.swift */ = {isa = PBXFileReference; lastKnownFileType = sourcecode.swift; path = APIService.swift; sourceTree = "<group>"; };
		50AEC7352B61020600CE44B7 /* CIdemoProjectUITests.xctest */ = {isa = PBXFileReference; explicitFileType = wrapper.cfbundle; includeInIndex = 0; path = CIdemoProjectUITests.xctest; sourceTree = BUILT_PRODUCTS_DIR; };
		50AEC7372B61020600CE44B7 /* CIdemoProjectUITests.swift */ = {isa = PBXFileReference; lastKnownFileType = sourcecode.swift; path = CIdemoProjectUITests.swift; sourceTree = "<group>"; };
		50AEC7392B61020600CE44B7 /* CIdemoProjectUITestsLaunchTests.swift */ = {isa = PBXFileReference; lastKnownFileType = sourcecode.swift; path = CIdemoProjectUITestsLaunchTests.swift; sourceTree = "<group>"; };
		50AEC7402B61028700CE44B7 /* LoginUnitTest.swift */ = {isa = PBXFileReference; lastKnownFileType = sourcecode.swift; path = LoginUnitTest.swift; sourceTree = "<group>"; };
		50AEC7422B6102FA00CE44B7 /* LoginViewModel.swift */ = {isa = PBXFileReference; lastKnownFileType = sourcecode.swift; path = LoginViewModel.swift; sourceTree = "<group>"; };
/* End PBXFileReference section */

/* Begin PBXFrameworksBuildPhase section */
		5023846D2B1B792C002BE331 /* Frameworks */ = {
			isa = PBXFrameworksBuildPhase;
			buildActionMask = 2147483647;
			files = (
			);
			runOnlyForDeploymentPostprocessing = 0;
		};
		502384882B1F02A8002BE331 /* Frameworks */ = {
			isa = PBXFrameworksBuildPhase;
			buildActionMask = 2147483647;
			files = (
			);
			runOnlyForDeploymentPostprocessing = 0;
		};
		50AEC7322B61020600CE44B7 /* Frameworks */ = {
			isa = PBXFrameworksBuildPhase;
			buildActionMask = 2147483647;
			files = (
			);
			runOnlyForDeploymentPostprocessing = 0;
		};
/* End PBXFrameworksBuildPhase section */

/* Begin PBXGroup section */
		502384672B1B792C002BE331 = {
			isa = PBXGroup;
			children = (
				502384722B1B792C002BE331 /* CIdemoProject */,
				5023848C2B1F02A8002BE331 /* CIdemoProjectTests */,
				50AEC7362B61020600CE44B7 /* CIdemoProjectUITests */,
				502384712B1B792C002BE331 /* Products */,
			);
			sourceTree = "<group>";
		};
		502384712B1B792C002BE331 /* Products */ = {
			isa = PBXGroup;
			children = (
				502384702B1B792C002BE331 /* CIdemoProject.app */,
				5023848B2B1F02A8002BE331 /* CIdemoProjectTests.xctest */,
				50AEC7352B61020600CE44B7 /* CIdemoProjectUITests.xctest */,
			);
			name = Products;
			sourceTree = "<group>";
		};
		502384722B1B792C002BE331 /* CIdemoProject */ = {
			isa = PBXGroup;
			children = (
				50AEC72E2B5EA78500CE44B7 /* APIservice */,
				50AEC7292B5D398900CE44B7 /* ViewModel */,
				50AEC7282B5D370B00CE44B7 /* Model */,
				502384942B1F05B1002BE331 /* Controllers */,
				502384732B1B792C002BE331 /* AppDelegate.swift */,
				502384752B1B792C002BE331 /* SceneDelegate.swift */,
				502384792B1B792C002BE331 /* Main.storyboard */,
				5023847C2B1B7932002BE331 /* Assets.xcassets */,
				5023847E2B1B7932002BE331 /* LaunchScreen.storyboard */,
				502384812B1B7932002BE331 /* Info.plist */,
				50684E642B4095C30005E394 /* ExportOptions.plist */,
			);
			path = CIdemoProject;
			sourceTree = "<group>";
		};
		5023848C2B1F02A8002BE331 /* CIdemoProjectTests */ = {
			isa = PBXGroup;
			children = (
				5023848D2B1F02A8002BE331 /* CIdemoProjectTests.swift */,
				50AEC7402B61028700CE44B7 /* LoginUnitTest.swift */,
			);
			path = CIdemoProjectTests;
			sourceTree = "<group>";
		};
		502384942B1F05B1002BE331 /* Controllers */ = {
			isa = PBXGroup;
			children = (
				502384952B1F05CA002BE331 /* LoginVC.swift */,
				502384972B1F05D8002BE331 /* WelcomeVC.swift */,
			);
			path = Controllers;
			sourceTree = "<group>";
		};
		50AEC7282B5D370B00CE44B7 /* Model */ = {
			isa = PBXGroup;
			children = (
				50AEC72C2B5EA5BE00CE44B7 /* Employee.swift */,
			);
			path = Model;
			sourceTree = "<group>";
		};
		50AEC7292B5D398900CE44B7 /* ViewModel */ = {
			isa = PBXGroup;
			children = (
				50AEC72A2B5EA56D00CE44B7 /* EmployeesViewModel.swift */,
				50AEC7422B6102FA00CE44B7 /* LoginViewModel.swift */,
			);
			path = ViewModel;
			sourceTree = "<group>";
		};
		50AEC72E2B5EA78500CE44B7 /* APIservice */ = {
			isa = PBXGroup;
			children = (
				50AEC72F2B5EA7A900CE44B7 /* APIService.swift */,
			);
			path = APIservice;
			sourceTree = "<group>";
		};
		50AEC7362B61020600CE44B7 /* CIdemoProjectUITests */ = {
			isa = PBXGroup;
			children = (
				50AEC7372B61020600CE44B7 /* CIdemoProjectUITests.swift */,
				50AEC7392B61020600CE44B7 /* CIdemoProjectUITestsLaunchTests.swift */,
			);
			path = CIdemoProjectUITests;
			sourceTree = "<group>";
		};
/* End PBXGroup section */

/* Begin PBXNativeTarget section */
		5023846F2B1B792C002BE331 /* CIdemoProject */ = {
			isa = PBXNativeTarget;
			buildConfigurationList = 502384842B1B7932002BE331 /* Build configuration list for PBXNativeTarget "CIdemoProject" */;
			buildPhases = (
				5023846C2B1B792C002BE331 /* Sources */,
				5023846D2B1B792C002BE331 /* Frameworks */,
				5023846E2B1B792C002BE331 /* Resources */,
			);
			buildRules = (
			);
			dependencies = (
			);
			name = CIdemoProject;
			productName = CIdemoProject;
			productReference = 502384702B1B792C002BE331 /* CIdemoProject.app */;
			productType = "com.apple.product-type.application";
		};
		5023848A2B1F02A8002BE331 /* CIdemoProjectTests */ = {
			isa = PBXNativeTarget;
			buildConfigurationList = 502384932B1F02A8002BE331 /* Build configuration list for PBXNativeTarget "CIdemoProjectTests" */;
			buildPhases = (
				502384872B1F02A8002BE331 /* Sources */,
				502384882B1F02A8002BE331 /* Frameworks */,
				502384892B1F02A8002BE331 /* Resources */,
			);
			buildRules = (
			);
			dependencies = (
				502384902B1F02A8002BE331 /* PBXTargetDependency */,
			);
			name = CIdemoProjectTests;
			productName = CIdemoProjectTests;
			productReference = 5023848B2B1F02A8002BE331 /* CIdemoProjectTests.xctest */;
			productType = "com.apple.product-type.bundle.unit-test";
		};
		50AEC7342B61020600CE44B7 /* CIdemoProjectUITests */ = {
			isa = PBXNativeTarget;
			buildConfigurationList = 50AEC73D2B61020600CE44B7 /* Build configuration list for PBXNativeTarget "CIdemoProjectUITests" */;
			buildPhases = (
				50AEC7312B61020600CE44B7 /* Sources */,
				50AEC7322B61020600CE44B7 /* Frameworks */,
				50AEC7332B61020600CE44B7 /* Resources */,
			);
			buildRules = (
			);
			dependencies = (
				50AEC73C2B61020600CE44B7 /* PBXTargetDependency */,
			);
			name = CIdemoProjectUITests;
			productName = CIdemoProjectUITests;
			productReference = 50AEC7352B61020600CE44B7 /* CIdemoProjectUITests.xctest */;
			productType = "com.apple.product-type.bundle.ui-testing";
		};
/* End PBXNativeTarget section */

/* Begin PBXProject section */
		502384682B1B792C002BE331 /* Project object */ = {
			isa = PBXProject;
			attributes = {
				BuildIndependentTargetsInParallel = 1;
				LastSwiftUpdateCheck = 1510;
				LastUpgradeCheck = 1430;
				TargetAttributes = {
					5023846F2B1B792C002BE331 = {
						CreatedOnToolsVersion = 14.3;
					};
					5023848A2B1F02A8002BE331 = {
						CreatedOnToolsVersion = 14.3;
						TestTargetID = 5023846F2B1B792C002BE331;
					};
					50AEC7342B61020600CE44B7 = {
						CreatedOnToolsVersion = 15.1;
						TestTargetID = 5023846F2B1B792C002BE331;
					};
				};
			};
			buildConfigurationList = 5023846B2B1B792C002BE331 /* Build configuration list for PBXProject "CIdemoProject" */;
			compatibilityVersion = "Xcode 14.0";
			developmentRegion = en;
			hasScannedForEncodings = 0;
			knownRegions = (
				en,
				Base,
			);
			mainGroup = 502384672B1B792C002BE331;
			productRefGroup = 502384712B1B792C002BE331 /* Products */;
			projectDirPath = "";
			projectRoot = "";
			targets = (
				5023846F2B1B792C002BE331 /* CIdemoProject */,
				5023848A2B1F02A8002BE331 /* CIdemoProjectTests */,
				50AEC7342B61020600CE44B7 /* CIdemoProjectUITests */,
			);
		};
/* End PBXProject section */

/* Begin PBXResourcesBuildPhase section */
		5023846E2B1B792C002BE331 /* Resources */ = {
			isa = PBXResourcesBuildPhase;
			buildActionMask = 2147483647;
			files = (
				502384802B1B7932002BE331 /* LaunchScreen.storyboard in Resources */,
				5023847D2B1B7932002BE331 /* Assets.xcassets in Resources */,
				5023847B2B1B792C002BE331 /* Main.storyboard in Resources */,
				50684E652B4095C30005E394 /* ExportOptions.plist in Resources */,
			);
			runOnlyForDeploymentPostprocessing = 0;
		};
		502384892B1F02A8002BE331 /* Resources */ = {
			isa = PBXResourcesBuildPhase;
			buildActionMask = 2147483647;
			files = (
			);
			runOnlyForDeploymentPostprocessing = 0;
		};
		50AEC7332B61020600CE44B7 /* Resources */ = {
			isa = PBXResourcesBuildPhase;
			buildActionMask = 2147483647;
			files = (
			);
			runOnlyForDeploymentPostprocessing = 0;
		};
/* End PBXResourcesBuildPhase section */

/* Begin PBXSourcesBuildPhase section */
		5023846C2B1B792C002BE331 /* Sources */ = {
			isa = PBXSourcesBuildPhase;
			buildActionMask = 2147483647;
			files = (
				502384982B1F05D8002BE331 /* WelcomeVC.swift in Sources */,
				50AEC7302B5EA7A900CE44B7 /* APIService.swift in Sources */,
				502384742B1B792C002BE331 /* AppDelegate.swift in Sources */,
				502384962B1F05CA002BE331 /* LoginVC.swift in Sources */,
				50AEC7432B6102FA00CE44B7 /* LoginViewModel.swift in Sources */,
				50AEC72D2B5EA5BE00CE44B7 /* Employee.swift in Sources */,
				50AEC72B2B5EA56D00CE44B7 /* EmployeesViewModel.swift in Sources */,
				502384762B1B792C002BE331 /* SceneDelegate.swift in Sources */,
			);
			runOnlyForDeploymentPostprocessing = 0;
		};
		502384872B1F02A8002BE331 /* Sources */ = {
			isa = PBXSourcesBuildPhase;
			buildActionMask = 2147483647;
			files = (
				5023848E2B1F02A8002BE331 /* CIdemoProjectTests.swift in Sources */,
				50AEC7412B61028700CE44B7 /* LoginUnitTest.swift in Sources */,
			);
			runOnlyForDeploymentPostprocessing = 0;
		};
		50AEC7312B61020600CE44B7 /* Sources */ = {
			isa = PBXSourcesBuildPhase;
			buildActionMask = 2147483647;
			files = (
				50AEC7382B61020600CE44B7 /* CIdemoProjectUITests.swift in Sources */,
				50AEC73A2B61020600CE44B7 /* CIdemoProjectUITestsLaunchTests.swift in Sources */,
			);
			runOnlyForDeploymentPostprocessing = 0;
		};
/* End PBXSourcesBuildPhase section */

/* Begin PBXTargetDependency section */
		502384902B1F02A8002BE331 /* PBXTargetDependency */ = {
			isa = PBXTargetDependency;
			target = 5023846F2B1B792C002BE331 /* CIdemoProject */;
			targetProxy = 5023848F2B1F02A8002BE331 /* PBXContainerItemProxy */;
		};
		50AEC73C2B61020600CE44B7 /* PBXTargetDependency */ = {
			isa = PBXTargetDependency;
			target = 5023846F2B1B792C002BE331 /* CIdemoProject */;
			targetProxy = 50AEC73B2B61020600CE44B7 /* PBXContainerItemProxy */;
		};
/* End PBXTargetDependency section */

/* Begin PBXVariantGroup section */
		502384792B1B792C002BE331 /* Main.storyboard */ = {
			isa = PBXVariantGroup;
			children = (
				5023847A2B1B792C002BE331 /* Base */,
			);
			name = Main.storyboard;
			sourceTree = "<group>";
		};
		5023847E2B1B7932002BE331 /* LaunchScreen.storyboard */ = {
			isa = PBXVariantGroup;
			children = (
				5023847F2B1B7932002BE331 /* Base */,
			);
			name = LaunchScreen.storyboard;
			sourceTree = "<group>";
		};
/* End PBXVariantGroup section */

/* Begin XCBuildConfiguration section */
		502384822B1B7932002BE331 /* Debug */ = {
			isa = XCBuildConfiguration;
			buildSettings = {
				ALWAYS_SEARCH_USER_PATHS = NO;
				CLANG_ANALYZER_NONNULL = YES;
				CLANG_ANALYZER_NUMBER_OBJECT_CONVERSION = YES_AGGRESSIVE;
				CLANG_CXX_LANGUAGE_STANDARD = "gnu++20";
				CLANG_ENABLE_MODULES = YES;
				CLANG_ENABLE_OBJC_ARC = YES;
				CLANG_ENABLE_OBJC_WEAK = YES;
				CLANG_WARN_BLOCK_CAPTURE_AUTORELEASING = YES;
				CLANG_WARN_BOOL_CONVERSION = YES;
				CLANG_WARN_COMMA = YES;
				CLANG_WARN_CONSTANT_CONVERSION = YES;
				CLANG_WARN_DEPRECATED_OBJC_IMPLEMENTATIONS = YES;
				CLANG_WARN_DIRECT_OBJC_ISA_USAGE = YES_ERROR;
				CLANG_WARN_DOCUMENTATION_COMMENTS = YES;
				CLANG_WARN_EMPTY_BODY = YES;
				CLANG_WARN_ENUM_CONVERSION = YES;
				CLANG_WARN_INFINITE_RECURSION = YES;
				CLANG_WARN_INT_CONVERSION = YES;
				CLANG_WARN_NON_LITERAL_NULL_CONVERSION = YES;
				CLANG_WARN_OBJC_IMPLICIT_RETAIN_SELF = YES;
				CLANG_WARN_OBJC_LITERAL_CONVERSION = YES;
				CLANG_WARN_OBJC_ROOT_CLASS = YES_ERROR;
				CLANG_WARN_QUOTED_INCLUDE_IN_FRAMEWORK_HEADER = YES;
				CLANG_WARN_RANGE_LOOP_ANALYSIS = YES;
				CLANG_WARN_STRICT_PROTOTYPES = YES;
				CLANG_WARN_SUSPICIOUS_MOVE = YES;
				CLANG_WARN_UNGUARDED_AVAILABILITY = YES_AGGRESSIVE;
				CLANG_WARN_UNREACHABLE_CODE = YES;
				CLANG_WARN__DUPLICATE_METHOD_MATCH = YES;
				COPY_PHASE_STRIP = NO;
				DEBUG_INFORMATION_FORMAT = dwarf;
				ENABLE_STRICT_OBJC_MSGSEND = YES;
				ENABLE_TESTABILITY = YES;
				GCC_C_LANGUAGE_STANDARD = gnu11;
				GCC_DYNAMIC_NO_PIC = NO;
				GCC_NO_COMMON_BLOCKS = YES;
				GCC_OPTIMIZATION_LEVEL = 0;
				GCC_PREPROCESSOR_DEFINITIONS = (
					"DEBUG=1",
					"$(inherited)",
				);
				GCC_WARN_64_TO_32_BIT_CONVERSION = YES;
				GCC_WARN_ABOUT_RETURN_TYPE = YES_ERROR;
				GCC_WARN_UNDECLARED_SELECTOR = YES;
				GCC_WARN_UNINITIALIZED_AUTOS = YES_AGGRESSIVE;
				GCC_WARN_UNUSED_FUNCTION = YES;
				GCC_WARN_UNUSED_VARIABLE = YES;
				IPHONEOS_DEPLOYMENT_TARGET = 16.2;
				MTL_ENABLE_DEBUG_INFO = INCLUDE_SOURCE;
				MTL_FAST_MATH = YES;
				ONLY_ACTIVE_ARCH = YES;
				SDKROOT = iphoneos;
				SWIFT_ACTIVE_COMPILATION_CONDITIONS = DEBUG;
				SWIFT_OPTIMIZATION_LEVEL = "-Onone";
			};
			name = Debug;
		};
		502384832B1B7932002BE331 /* Release */ = {
			isa = XCBuildConfiguration;
			buildSettings = {
				ALWAYS_SEARCH_USER_PATHS = NO;
				CLANG_ANALYZER_NONNULL = YES;
				CLANG_ANALYZER_NUMBER_OBJECT_CONVERSION = YES_AGGRESSIVE;
				CLANG_CXX_LANGUAGE_STANDARD = "gnu++20";
				CLANG_ENABLE_MODULES = YES;
				CLANG_ENABLE_OBJC_ARC = YES;
				CLANG_ENABLE_OBJC_WEAK = YES;
				CLANG_WARN_BLOCK_CAPTURE_AUTORELEASING = YES;
				CLANG_WARN_BOOL_CONVERSION = YES;
				CLANG_WARN_COMMA = YES;
				CLANG_WARN_CONSTANT_CONVERSION = YES;
				CLANG_WARN_DEPRECATED_OBJC_IMPLEMENTATIONS = YES;
				CLANG_WARN_DIRECT_OBJC_ISA_USAGE = YES_ERROR;
				CLANG_WARN_DOCUMENTATION_COMMENTS = YES;
				CLANG_WARN_EMPTY_BODY = YES;
				CLANG_WARN_ENUM_CONVERSION = YES;
				CLANG_WARN_INFINITE_RECURSION = YES;
				CLANG_WARN_INT_CONVERSION = YES;
				CLANG_WARN_NON_LITERAL_NULL_CONVERSION = YES;
				CLANG_WARN_OBJC_IMPLICIT_RETAIN_SELF = YES;
				CLANG_WARN_OBJC_LITERAL_CONVERSION = YES;
				CLANG_WARN_OBJC_ROOT_CLASS = YES_ERROR;
				CLANG_WARN_QUOTED_INCLUDE_IN_FRAMEWORK_HEADER = YES;
				CLANG_WARN_RANGE_LOOP_ANALYSIS = YES;
				CLANG_WARN_STRICT_PROTOTYPES = YES;
				CLANG_WARN_SUSPICIOUS_MOVE = YES;
				CLANG_WARN_UNGUARDED_AVAILABILITY = YES_AGGRESSIVE;
				CLANG_WARN_UNREACHABLE_CODE = YES;
				CLANG_WARN__DUPLICATE_METHOD_MATCH = YES;
				COPY_PHASE_STRIP = NO;
				DEBUG_INFORMATION_FORMAT = "dwarf-with-dsym";
				ENABLE_NS_ASSERTIONS = NO;
				ENABLE_STRICT_OBJC_MSGSEND = YES;
				GCC_C_LANGUAGE_STANDARD = gnu11;
				GCC_NO_COMMON_BLOCKS = YES;
				GCC_WARN_64_TO_32_BIT_CONVERSION = YES;
				GCC_WARN_ABOUT_RETURN_TYPE = YES_ERROR;
				GCC_WARN_UNDECLARED_SELECTOR = YES;
				GCC_WARN_UNINITIALIZED_AUTOS = YES_AGGRESSIVE;
				GCC_WARN_UNUSED_FUNCTION = YES;
				GCC_WARN_UNUSED_VARIABLE = YES;
				IPHONEOS_DEPLOYMENT_TARGET = 16.2;
				MTL_ENABLE_DEBUG_INFO = NO;
				MTL_FAST_MATH = YES;
				SDKROOT = iphoneos;
				SWIFT_COMPILATION_MODE = wholemodule;
				SWIFT_OPTIMIZATION_LEVEL = "-O";
				VALIDATE_PRODUCT = YES;
			};
			name = Release;
		};
		502384852B1B7932002BE331 /* Debug */ = {
			isa = XCBuildConfiguration;
			buildSettings = {
				ASSETCATALOG_COMPILER_APPICON_NAME = AppIcon;
				ASSETCATALOG_COMPILER_GLOBAL_ACCENT_COLOR_NAME = AccentColor;
				CODE_SIGN_IDENTITY = "Apple Development";
				"CODE_SIGN_IDENTITY[sdk=iphoneos*]" = "iPhone Distribution";
				CODE_SIGN_STYLE = Manual;
				CURRENT_PROJECT_VERSION = 1;
				DEVELOPMENT_TEAM = "";
				"DEVELOPMENT_TEAM[sdk=iphoneos*]" = T7NKT5AGR8;
				GENERATE_INFOPLIST_FILE = YES;
				INFOPLIST_FILE = CIdemoProject/Info.plist;
				INFOPLIST_KEY_UIApplicationSupportsIndirectInputEvents = YES;
				INFOPLIST_KEY_UILaunchStoryboardName = LaunchScreen;
				INFOPLIST_KEY_UIMainStoryboardFile = Main;
				INFOPLIST_KEY_UISupportedInterfaceOrientations_iPad = "UIInterfaceOrientationPortrait UIInterfaceOrientationPortraitUpsideDown UIInterfaceOrientationLandscapeLeft UIInterfaceOrientationLandscapeRight";
				INFOPLIST_KEY_UISupportedInterfaceOrientations_iPhone = "UIInterfaceOrientationPortrait UIInterfaceOrientationLandscapeLeft UIInterfaceOrientationLandscapeRight";
				LD_RUNPATH_SEARCH_PATHS = (
					"$(inherited)",
					"@executable_path/Frameworks",
				);
				MARKETING_VERSION = 1.0;
				PRODUCT_BUNDLE_IDENTIFIER = com.GIA.CI.CIdemoProject;
				PRODUCT_NAME = "$(TARGET_NAME)";
				PROVISIONING_PROFILE_SPECIFIER = "";
				"PROVISIONING_PROFILE_SPECIFIER[sdk=iphoneos*]" = Distribution_GIA_TCS_ClientApps;
				SWIFT_EMIT_LOC_STRINGS = YES;
				SWIFT_VERSION = 5.0;
				TARGETED_DEVICE_FAMILY = "1,2";
			};
			name = Debug;
		};
		502384862B1B7932002BE331 /* Release */ = {
			isa = XCBuildConfiguration;
			buildSettings = {
				ASSETCATALOG_COMPILER_APPICON_NAME = AppIcon;
				ASSETCATALOG_COMPILER_GLOBAL_ACCENT_COLOR_NAME = AccentColor;
				CODE_SIGN_IDENTITY = "Apple Development";
				"CODE_SIGN_IDENTITY[sdk=iphoneos*]" = "iPhone Distribution";
				CODE_SIGN_STYLE = Manual;
				CURRENT_PROJECT_VERSION = 1;
				DEVELOPMENT_TEAM = "";
				"DEVELOPMENT_TEAM[sdk=iphoneos*]" = T7NKT5AGR8;
				GENERATE_INFOPLIST_FILE = YES;
				INFOPLIST_FILE = CIdemoProject/Info.plist;
				INFOPLIST_KEY_UIApplicationSupportsIndirectInputEvents = YES;
				INFOPLIST_KEY_UILaunchStoryboardName = LaunchScreen;
				INFOPLIST_KEY_UIMainStoryboardFile = Main;
				INFOPLIST_KEY_UISupportedInterfaceOrientations_iPad = "UIInterfaceOrientationPortrait UIInterfaceOrientationPortraitUpsideDown UIInterfaceOrientationLandscapeLeft UIInterfaceOrientationLandscapeRight";
				INFOPLIST_KEY_UISupportedInterfaceOrientations_iPhone = "UIInterfaceOrientationPortrait UIInterfaceOrientationLandscapeLeft UIInterfaceOrientationLandscapeRight";
				LD_RUNPATH_SEARCH_PATHS = (
					"$(inherited)",
					"@executable_path/Frameworks",
				);
				MARKETING_VERSION = 1.0;
				PRODUCT_BUNDLE_IDENTIFIER = com.GIA.CI.CIdemoProject;
				PRODUCT_NAME = "$(TARGET_NAME)";
				PROVISIONING_PROFILE_SPECIFIER = "";
				"PROVISIONING_PROFILE_SPECIFIER[sdk=iphoneos*]" = Distribution_GIA_TCS_ClientApps;
				SWIFT_EMIT_LOC_STRINGS = YES;
				SWIFT_VERSION = 5.0;
				TARGETED_DEVICE_FAMILY = "1,2";
			};
			name = Release;
		};
		502384912B1F02A8002BE331 /* Debug */ = {
			isa = XCBuildConfiguration;
			buildSettings = {
				BUNDLE_LOADER = "$(TEST_HOST)";
				CODE_SIGN_STYLE = Automatic;
				CURRENT_PROJECT_VERSION = 1;
				GENERATE_INFOPLIST_FILE = YES;
				MARKETING_VERSION = 1.0;
				PRODUCT_BUNDLE_IDENTIFIER = com.tcs.CI.CIdemoProjectTests;
				PRODUCT_NAME = "$(TARGET_NAME)";
				SWIFT_EMIT_LOC_STRINGS = NO;
				SWIFT_VERSION = 5.0;
				TARGETED_DEVICE_FAMILY = "1,2";
				TEST_HOST = "$(BUILT_PRODUCTS_DIR)/CIdemoProject.app/$(BUNDLE_EXECUTABLE_FOLDER_PATH)/CIdemoProject";
			};
			name = Debug;
		};
		502384922B1F02A8002BE331 /* Release */ = {
			isa = XCBuildConfiguration;
			buildSettings = {
				BUNDLE_LOADER = "$(TEST_HOST)";
				CODE_SIGN_STYLE = Automatic;
				CURRENT_PROJECT_VERSION = 1;
				GENERATE_INFOPLIST_FILE = YES;
				MARKETING_VERSION = 1.0;
				PRODUCT_BUNDLE_IDENTIFIER = com.tcs.CI.CIdemoProjectTests;
				PRODUCT_NAME = "$(TARGET_NAME)";
				SWIFT_EMIT_LOC_STRINGS = NO;
				SWIFT_VERSION = 5.0;
				TARGETED_DEVICE_FAMILY = "1,2";
				TEST_HOST = "$(BUILT_PRODUCTS_DIR)/CIdemoProject.app/$(BUNDLE_EXECUTABLE_FOLDER_PATH)/CIdemoProject";
			};
			name = Release;
		};
		50AEC73E2B61020600CE44B7 /* Debug */ = {
			isa = XCBuildConfiguration;
			buildSettings = {
				ASSETCATALOG_COMPILER_GENERATE_SWIFT_ASSET_SYMBOL_EXTENSIONS = YES;
				CODE_SIGN_STYLE = Automatic;
				CURRENT_PROJECT_VERSION = 1;
				ENABLE_USER_SCRIPT_SANDBOXING = YES;
				GCC_C_LANGUAGE_STANDARD = gnu17;
				GENERATE_INFOPLIST_FILE = YES;
				IPHONEOS_DEPLOYMENT_TARGET = 17.2;
				LOCALIZATION_PREFERS_STRING_CATALOGS = YES;
				MARKETING_VERSION = 1.0;
				PRODUCT_BUNDLE_IDENTIFIER = com.tcs.CI.CIdemoProjectUITests;
				PRODUCT_NAME = "$(TARGET_NAME)";
				SWIFT_ACTIVE_COMPILATION_CONDITIONS = "DEBUG $(inherited)";
				SWIFT_EMIT_LOC_STRINGS = NO;
				SWIFT_VERSION = 5.0;
				TARGETED_DEVICE_FAMILY = "1,2";
				TEST_TARGET_NAME = CIdemoProject;
			};
			name = Debug;
		};
		50AEC73F2B61020600CE44B7 /* Release */ = {
			isa = XCBuildConfiguration;
			buildSettings = {
				ASSETCATALOG_COMPILER_GENERATE_SWIFT_ASSET_SYMBOL_EXTENSIONS = YES;
				CODE_SIGN_STYLE = Automatic;
				CURRENT_PROJECT_VERSION = 1;
				ENABLE_USER_SCRIPT_SANDBOXING = YES;
				GCC_C_LANGUAGE_STANDARD = gnu17;
				GENERATE_INFOPLIST_FILE = YES;
				IPHONEOS_DEPLOYMENT_TARGET = 17.2;
				LOCALIZATION_PREFERS_STRING_CATALOGS = YES;
				MARKETING_VERSION = 1.0;
				PRODUCT_BUNDLE_IDENTIFIER = com.tcs.CI.CIdemoProjectUITests;
				PRODUCT_NAME = "$(TARGET_NAME)";
				SWIFT_EMIT_LOC_STRINGS = NO;
				SWIFT_VERSION = 5.0;
				TARGETED_DEVICE_FAMILY = "1,2";
				TEST_TARGET_NAME = CIdemoProject;
			};
			name = Release;
		};
/* End XCBuildConfiguration section */

/* Begin XCConfigurationList section */
		5023846B2B1B792C002BE331 /* Build configuration list for PBXProject "CIdemoProject" */ = {
			isa = XCConfigurationList;
			buildConfigurations = (
				502384822B1B7932002BE331 /* Debug */,
				502384832B1B7932002BE331 /* Release */,
			);
			defaultConfigurationIsVisible = 0;
			defaultConfigurationName = Release;
		};
		502384842B1B7932002BE331 /* Build configuration list for PBXNativeTarget "CIdemoProject" */ = {
			isa = XCConfigurationList;
			buildConfigurations = (
				502384852B1B7932002BE331 /* Debug */,
				502384862B1B7932002BE331 /* Release */,
			);
			defaultConfigurationIsVisible = 0;
			defaultConfigurationName = Release;
		};
		502384932B1F02A8002BE331 /* Build configuration list for PBXNativeTarget "CIdemoProjectTests" */ = {
			isa = XCConfigurationList;
			buildConfigurations = (
				502384912B1F02A8002BE331 /* Debug */,
				502384922B1F02A8002BE331 /* Release */,
			);
			defaultConfigurationIsVisible = 0;
			defaultConfigurationName = Release;
		};
		50AEC73D2B61020600CE44B7 /* Build configuration list for PBXNativeTarget "CIdemoProjectUITests" */ = {
			isa = XCConfigurationList;
			buildConfigurations = (
				50AEC73E2B61020600CE44B7 /* Debug */,
				50AEC73F2B61020600CE44B7 /* Release */,
			);
			defaultConfigurationIsVisible = 0;
			defaultConfigurationName = Release;
		};
/* End XCConfigurationList section */
	};
	rootObject = 502384682B1B792C002BE331 /* Project object */;
}
